
Microsoft Visual Studio Solution File, Format Version 12.00
# Visual Studio Version 17
VisualStudioVersion = 17.13.35818.85 d17.13
MinimumVisualStudioVersion = 10.0.40219.1
Project("{8BC9CEB8-8B4A-11D0-8D11-00A0C91BC942}") = "DataStructuerDay1", "DataStructuerDay1.vcxproj", "{9721C6C9-ABD2-4164-942B-8DC16449DE39}"
EndProject
Global
	GlobalSection(SolutionConfigurationPlatforms) = preSolution
		Debug|x64 = Debug|x64
		Debug|x86 = Debug|x86
		Release|x64 = Release|x64
		Release|x86 = Release|x86
	EndGlobalSection
	GlobalSection(ProjectConfigurationPlatforms) = postSolution
		{9721C6C9-ABD2-4164-942B-8DC16449DE39}.Debug|x64.ActiveCfg = Debug|x64
		{9721C6C9-ABD2-4164-942B-8DC16449DE39}.Debug|x64.Build.0 = Debug|x64
		{9721C6C9-ABD2-4164-942B-8DC16449DE39}.Debug|x86.ActiveCfg = Debug|Win32
		{9721C6C9-ABD2-4164-942B-8DC16449DE39}.Debug|x86.Build.0 = Debug|Win32
		{9721C6C9-ABD2-4164-942B-8DC16449DE39}.Release|x64.ActiveCfg = Release|x64
		{9721C6C9-ABD2-4164-942B-8DC16449DE39}.Release|x64.Build.0 = Release|x64
		{9721C6C9-ABD2-4164-942B-8DC16449DE39}.Release|x86.ActiveCfg = Release|Win32
		{9721C6C9-ABD2-4164-942B-8DC16449DE39}.Release|x86.Build.0 = Release|Win32
	EndGlobalSection
	GlobalSection(SolutionProperties) = preSolution
		HideSolutionNode = FALSE
	EndGlobalSection
	GlobalSection(ExtensibilityGlobals) = postSolution
		SolutionGuid = {B25174A9-DB4B-41F2-A004-B43A1F4FC309}
	EndGlobalSection
EndGlobal
